{
    "version": 3,
    "terraform_version": "0.10.8",
    "serial": 3,
    "lineage": "de6f33ae-3b1c-48ab-841d-e429a8476b93",
    "modules": [
        {
            "path": [
                "root"
            ],
            "outputs": {},
            "resources": {
                "google_compute_instance.manager": {
                    "type": "google_compute_instance",
                    "depends_on": [],
                    "primary": {
                        "id": "manager1",
                        "attributes": {
                            "attached_disk.#": "0",
                            "boot_disk.#": "1",
                            "boot_disk.0.auto_delete": "true",
                            "boot_disk.0.device_name": "persistent-disk-0",
                            "boot_disk.0.disk_encryption_key_raw": "",
                            "boot_disk.0.disk_encryption_key_sha256": "",
                            "boot_disk.0.initialize_params.#": "1",
                            "boot_disk.0.initialize_params.0.image": "coreos-stable-1520-8-0-v20171026",
                            "boot_disk.0.initialize_params.0.size": "0",
                            "boot_disk.0.initialize_params.0.type": "",
                            "boot_disk.0.source": "https://www.googleapis.com/compute/v1/projects/dockercertstudy/zones/us-east1-b/disks/manager1",
                            "can_ip_forward": "false",
                            "cpu_platform": "Intel Haswell",
                            "create_timeout": "4",
                            "guest_accelerator.#": "0",
                            "id": "manager1",
                            "instance_id": "8875155100290775072",
                            "label_fingerprint": "42WmSpB8rSM=",
                            "machine_type": "n1-standard-1",
                            "metadata.%": "0",
                            "metadata_fingerprint": "GwfFjRRjapo=",
                            "min_cpu_platform": "",
                            "name": "manager1",
                            "network_interface.#": "1",
                            "network_interface.0.access_config.#": "1",
                            "network_interface.0.access_config.0.assigned_nat_ip": "104.196.119.255",
                            "network_interface.0.access_config.0.nat_ip": "",
                            "network_interface.0.address": "10.142.0.4",
                            "network_interface.0.alias_ip_range.#": "0",
                            "network_interface.0.name": "nic0",
                            "network_interface.0.network": "https://www.googleapis.com/compute/v1/projects/dockercertstudy/global/networks/default",
                            "network_interface.0.subnetwork": "https://www.googleapis.com/compute/v1/projects/dockercertstudy/regions/us-east1/subnetworks/default",
                            "network_interface.0.subnetwork_project": "dockercertstudy",
                            "scheduling.#": "1",
                            "scheduling.0.automatic_restart": "false",
                            "scheduling.0.on_host_maintenance": "TERMINATE",
                            "scheduling.0.preemptible": "true",
                            "scratch_disk.#": "0",
                            "self_link": "https://www.googleapis.com/compute/v1/projects/dockercertstudy/zones/us-east1-b/instances/manager1",
                            "service_account.#": "0",
                            "tags.#": "2",
                            "tags.3920056993": "swarm",
                            "tags.832291002": "manager1",
                            "tags_fingerprint": "iX3rquyuX3M=",
                            "zone": "us-east1-b"
                        },
                        "meta": {
                            "schema_version": "5"
                        },
                        "tainted": false
                    },
                    "deposed": [],
                    "provider": ""
                },
                "google_compute_instance.node1": {
                    "type": "google_compute_instance",
                    "depends_on": [],
                    "primary": {
                        "id": "node1",
                        "attributes": {
                            "attached_disk.#": "0",
                            "boot_disk.#": "1",
                            "boot_disk.0.auto_delete": "true",
                            "boot_disk.0.device_name": "persistent-disk-0",
                            "boot_disk.0.disk_encryption_key_raw": "",
                            "boot_disk.0.disk_encryption_key_sha256": "",
                            "boot_disk.0.initialize_params.#": "1",
                            "boot_disk.0.initialize_params.0.image": "coreos-stable-1520-8-0-v20171026",
                            "boot_disk.0.initialize_params.0.size": "0",
                            "boot_disk.0.initialize_params.0.type": "",
                            "boot_disk.0.source": "https://www.googleapis.com/compute/v1/projects/dockercertstudy/zones/us-east1-b/disks/node1",
                            "can_ip_forward": "false",
                            "cpu_platform": "Intel Haswell",
                            "create_timeout": "4",
                            "guest_accelerator.#": "0",
                            "id": "node1",
                            "instance_id": "6035875684035065888",
                            "label_fingerprint": "42WmSpB8rSM=",
                            "machine_type": "n1-standard-1",
                            "metadata.%": "0",
                            "metadata_fingerprint": "GwfFjRRjapo=",
                            "min_cpu_platform": "",
                            "name": "node1",
                            "network_interface.#": "1",
                            "network_interface.0.access_config.#": "1",
                            "network_interface.0.access_config.0.assigned_nat_ip": "35.196.139.0",
                            "network_interface.0.access_config.0.nat_ip": "",
                            "network_interface.0.address": "10.142.0.2",
                            "network_interface.0.alias_ip_range.#": "0",
                            "network_interface.0.name": "nic0",
                            "network_interface.0.network": "https://www.googleapis.com/compute/v1/projects/dockercertstudy/global/networks/default",
                            "network_interface.0.subnetwork": "https://www.googleapis.com/compute/v1/projects/dockercertstudy/regions/us-east1/subnetworks/default",
                            "network_interface.0.subnetwork_project": "dockercertstudy",
                            "scheduling.#": "1",
                            "scheduling.0.automatic_restart": "false",
                            "scheduling.0.on_host_maintenance": "TERMINATE",
                            "scheduling.0.preemptible": "true",
                            "scratch_disk.#": "0",
                            "self_link": "https://www.googleapis.com/compute/v1/projects/dockercertstudy/zones/us-east1-b/instances/node1",
                            "service_account.#": "0",
                            "tags.#": "2",
                            "tags.2239752261": "node",
                            "tags.3920056993": "swarm",
                            "tags_fingerprint": "SYH4m1YLH34=",
                            "zone": "us-east1-b"
                        },
                        "meta": {
                            "schema_version": "5"
                        },
                        "tainted": false
                    },
                    "deposed": [],
                    "provider": ""
                },
                "google_compute_instance.node2": {
                    "type": "google_compute_instance",
                    "depends_on": [],
                    "primary": {
                        "id": "node2",
                        "attributes": {
                            "attached_disk.#": "0",
                            "boot_disk.#": "1",
                            "boot_disk.0.auto_delete": "true",
                            "boot_disk.0.device_name": "persistent-disk-0",
                            "boot_disk.0.disk_encryption_key_raw": "",
                            "boot_disk.0.disk_encryption_key_sha256": "",
                            "boot_disk.0.initialize_params.#": "1",
                            "boot_disk.0.initialize_params.0.image": "coreos-stable-1520-8-0-v20171026",
                            "boot_disk.0.initialize_params.0.size": "0",
                            "boot_disk.0.initialize_params.0.type": "",
                            "boot_disk.0.source": "https://www.googleapis.com/compute/v1/projects/dockercertstudy/zones/us-east1-b/disks/node2",
                            "can_ip_forward": "false",
                            "cpu_platform": "Intel Haswell",
                            "create_timeout": "4",
                            "guest_accelerator.#": "0",
                            "id": "node2",
                            "instance_id": "2235007580455041056",
                            "label_fingerprint": "42WmSpB8rSM=",
                            "machine_type": "n1-standard-1",
                            "metadata.%": "0",
                            "metadata_fingerprint": "GwfFjRRjapo=",
                            "min_cpu_platform": "",
                            "name": "node2",
                            "network_interface.#": "1",
                            "network_interface.0.access_config.#": "1",
                            "network_interface.0.access_config.0.assigned_nat_ip": "35.196.79.24",
                            "network_interface.0.access_config.0.nat_ip": "",
                            "network_interface.0.address": "10.142.0.3",
                            "network_interface.0.alias_ip_range.#": "0",
                            "network_interface.0.name": "nic0",
                            "network_interface.0.network": "https://www.googleapis.com/compute/v1/projects/dockercertstudy/global/networks/default",
                            "network_interface.0.subnetwork": "https://www.googleapis.com/compute/v1/projects/dockercertstudy/regions/us-east1/subnetworks/default",
                            "network_interface.0.subnetwork_project": "dockercertstudy",
                            "scheduling.#": "1",
                            "scheduling.0.automatic_restart": "false",
                            "scheduling.0.on_host_maintenance": "TERMINATE",
                            "scheduling.0.preemptible": "true",
                            "scratch_disk.#": "0",
                            "self_link": "https://www.googleapis.com/compute/v1/projects/dockercertstudy/zones/us-east1-b/instances/node2",
                            "service_account.#": "0",
                            "tags.#": "2",
                            "tags.2239752261": "node",
                            "tags.3920056993": "swarm",
                            "tags_fingerprint": "SYH4m1YLH34=",
                            "zone": "us-east1-b"
                        },
                        "meta": {
                            "schema_version": "5"
                        },
                        "tainted": false
                    },
                    "deposed": [],
                    "provider": ""
                }
            },
            "depends_on": []
        }
    ]
}
