{
    "version": 3,
    "terraform_version": "0.10.8",
    "serial": 10,
    "lineage": "de6f33ae-3b1c-48ab-841d-e429a8476b93",
    "modules": [
        {
            "path": [
                "root"
            ],
            "outputs": {},
            "resources": {
                "data.template_file.manager_init": {
                    "type": "template_file",
                    "depends_on": [
                        "google_compute_instance.node1",
                        "google_compute_instance.node2"
                    ],
                    "primary": {
                        "id": "1bc45435ebf78c311c5cc1a3e0d1ed8aaf7a9181666c768701630b6a45ba1dae",
                        "attributes": {
                            "id": "1bc45435ebf78c311c5cc1a3e0d1ed8aaf7a9181666c768701630b6a45ba1dae",
                            "rendered": "#!/bin/bash\r\ndocker swarm init --advertise-addr $COREOS_PRIVATE_IPV4\r\ndocker -H 10.142.0.2:2375 swarm join --token $(docker swarm join-token -q worker) $COREOS_PRIVATE_IPV4:2377\r\ndocker -H 10.142.0.3:2375 swarm join --token $(docker swarm join-token -q worker) $COREOS_PRIVATE_IPV4:2377\r\n",
                            "template": "#!/bin/bash\r\ndocker swarm init --advertise-addr $COREOS_PRIVATE_IPV4\r\ndocker -H ${node1_ip}:2375 swarm join --token $(docker swarm join-token -q worker) $COREOS_PRIVATE_IPV4:2377\r\ndocker -H ${node2_ip}:2375 swarm join --token $(docker swarm join-token -q worker) $COREOS_PRIVATE_IPV4:2377\r\n",
                            "vars.%": "2",
                            "vars.node1_ip": "10.142.0.2",
                            "vars.node2_ip": "10.142.0.3"
                        },
                        "meta": {},
                        "tainted": false
                    },
                    "deposed": [],
                    "provider": ""
                },
                "google_compute_instance.manager": {
                    "type": "google_compute_instance",
                    "depends_on": [
                        "data.template_file.manager_init",
                        "google_compute_instance.node1",
                        "google_compute_instance.node2"
                    ],
                    "primary": {
                        "id": "manager1",
                        "attributes": {
                            "attached_disk.#": "0",
                            "boot_disk.#": "1",
                            "boot_disk.0.auto_delete": "true",
                            "boot_disk.0.device_name": "persistent-disk-0",
                            "boot_disk.0.disk_encryption_key_raw": "",
                            "boot_disk.0.disk_encryption_key_sha256": "",
                            "boot_disk.0.initialize_params.#": "1",
                            "boot_disk.0.initialize_params.0.image": "coreos-stable-1520-8-0-v20171026",
                            "boot_disk.0.initialize_params.0.size": "0",
                            "boot_disk.0.initialize_params.0.type": "",
                            "boot_disk.0.source": "https://www.googleapis.com/compute/v1/projects/dockercertstudy/zones/us-east1-b/disks/manager1",
                            "can_ip_forward": "false",
                            "cpu_platform": "Intel Haswell",
                            "create_timeout": "4",
                            "guest_accelerator.#": "0",
                            "id": "manager1",
                            "instance_id": "6746116593070278723",
                            "label_fingerprint": "42WmSpB8rSM=",
                            "machine_type": "n1-standard-1",
                            "metadata.%": "0",
                            "metadata_fingerprint": "Ee9N5ziacqQ=",
                            "metadata_startup_script": "#!/bin/bash\r\ndocker swarm init --advertise-addr $COREOS_PRIVATE_IPV4\r\ndocker -H 10.142.0.2:2375 swarm join --token $(docker swarm join-token -q worker) $COREOS_PRIVATE_IPV4:2377\r\ndocker -H 10.142.0.3:2375 swarm join --token $(docker swarm join-token -q worker) $COREOS_PRIVATE_IPV4:2377\r\n",
                            "min_cpu_platform": "",
                            "name": "manager1",
                            "network_interface.#": "1",
                            "network_interface.0.access_config.#": "1",
                            "network_interface.0.access_config.0.assigned_nat_ip": "35.196.43.159",
                            "network_interface.0.access_config.0.nat_ip": "",
                            "network_interface.0.address": "10.142.0.4",
                            "network_interface.0.alias_ip_range.#": "0",
                            "network_interface.0.name": "nic0",
                            "network_interface.0.network": "https://www.googleapis.com/compute/v1/projects/dockercertstudy/global/networks/default",
                            "network_interface.0.subnetwork": "https://www.googleapis.com/compute/v1/projects/dockercertstudy/regions/us-east1/subnetworks/default",
                            "network_interface.0.subnetwork_project": "dockercertstudy",
                            "scheduling.#": "1",
                            "scheduling.0.automatic_restart": "false",
                            "scheduling.0.on_host_maintenance": "TERMINATE",
                            "scheduling.0.preemptible": "true",
                            "scratch_disk.#": "0",
                            "self_link": "https://www.googleapis.com/compute/v1/projects/dockercertstudy/zones/us-east1-b/instances/manager1",
                            "service_account.#": "0",
                            "tags.#": "2",
                            "tags.3920056993": "swarm",
                            "tags.832291002": "manager1",
                            "tags_fingerprint": "iX3rquyuX3M=",
                            "zone": "us-east1-b"
                        },
                        "meta": {
                            "schema_version": "5"
                        },
                        "tainted": false
                    },
                    "deposed": [],
                    "provider": ""
                },
                "google_compute_instance.node1": {
                    "type": "google_compute_instance",
                    "depends_on": [],
                    "primary": {
                        "id": "node1",
                        "attributes": {
                            "attached_disk.#": "0",
                            "boot_disk.#": "1",
                            "boot_disk.0.auto_delete": "true",
                            "boot_disk.0.device_name": "persistent-disk-0",
                            "boot_disk.0.disk_encryption_key_raw": "",
                            "boot_disk.0.disk_encryption_key_sha256": "",
                            "boot_disk.0.initialize_params.#": "1",
                            "boot_disk.0.initialize_params.0.image": "coreos-stable-1520-8-0-v20171026",
                            "boot_disk.0.initialize_params.0.size": "0",
                            "boot_disk.0.initialize_params.0.type": "",
                            "boot_disk.0.source": "https://www.googleapis.com/compute/v1/projects/dockercertstudy/zones/us-east1-b/disks/node1",
                            "can_ip_forward": "false",
                            "cpu_platform": "Intel Haswell",
                            "create_timeout": "4",
                            "guest_accelerator.#": "0",
                            "id": "node1",
                            "instance_id": "5779657666235370307",
                            "label_fingerprint": "42WmSpB8rSM=",
                            "machine_type": "n1-standard-1",
                            "metadata.%": "1",
                            "metadata.user-data": "{\n  \"ignition\": {\n    \"config\": {},\n    \"timeouts\": {},\n    \"version\": \"2.1.0\"\n  },\n  \"networkd\": {},\n  \"passwd\": {\n    \"users\": [\n      {\n        \"name\": \"core\",\n        \"sshAuthorizedKeys\": [\n          \"ssh-rsa AAAAB3NzaC1yc2EAAAADAQABAAABAQC0VkMs9bmmAxQ5Xhw4VLntf24WzlxmRa+v23+6nrKMSdRBe5OhHRMpPB/gukEcHVACd8vjTKOZg2xVfovaQWsp/0ZJQXN5MQ9QvGUndCdh/GvrVS0jEjMVcwMjKkGkK2NT7nA/U/O8i7xgQwzxFVcDJ6l1OOf+DmOD0/p6y+OZBZ48nvz0B+zGoRxVmbFI+F4IP1Lsjq5CrsPQr77Bn9+sIo3hh0GZJTZkNyWbBt7k/a0FyySqCr6IzqhBApL8iucatK2lA+OawtIG67isrDdczgIPdFpS0o8I8wI18kQqZcpLCt83cAOIytinPqBeJ+Im7I4jAvN1EkWoE6gv9Qo5 bradswhitfield@gmail.com\"\n        ]\n      }\n    ]\n  },\n  \"storage\": {},\n  \"systemd\": {\n    \"units\": [\n      {\n        \"contents\": \"[Unit]\\nDescription=Docker Socket for the API\\n\\n[Socket]\\nListenStream=2375\\nBindIPv6Only=both\\nService=docker.service\\n\\n[Install]\\nWantedBy=sockets.target\",\n        \"enable\": true,\n        \"name\": \"docker-tcp.socket\"\n      }\n    ]\n  }\n}",
                            "metadata_fingerprint": "bDhRhnp47MU=",
                            "min_cpu_platform": "",
                            "name": "node1",
                            "network_interface.#": "1",
                            "network_interface.0.access_config.#": "1",
                            "network_interface.0.access_config.0.assigned_nat_ip": "35.196.18.159",
                            "network_interface.0.access_config.0.nat_ip": "",
                            "network_interface.0.address": "10.142.0.2",
                            "network_interface.0.alias_ip_range.#": "0",
                            "network_interface.0.name": "nic0",
                            "network_interface.0.network": "https://www.googleapis.com/compute/v1/projects/dockercertstudy/global/networks/default",
                            "network_interface.0.subnetwork": "https://www.googleapis.com/compute/v1/projects/dockercertstudy/regions/us-east1/subnetworks/default",
                            "network_interface.0.subnetwork_project": "dockercertstudy",
                            "scheduling.#": "1",
                            "scheduling.0.automatic_restart": "false",
                            "scheduling.0.on_host_maintenance": "TERMINATE",
                            "scheduling.0.preemptible": "true",
                            "scratch_disk.#": "0",
                            "self_link": "https://www.googleapis.com/compute/v1/projects/dockercertstudy/zones/us-east1-b/instances/node1",
                            "service_account.#": "0",
                            "tags.#": "2",
                            "tags.2239752261": "node",
                            "tags.3920056993": "swarm",
                            "tags_fingerprint": "SYH4m1YLH34=",
                            "zone": "us-east1-b"
                        },
                        "meta": {
                            "schema_version": "5"
                        },
                        "tainted": false
                    },
                    "deposed": [],
                    "provider": ""
                },
                "google_compute_instance.node2": {
                    "type": "google_compute_instance",
                    "depends_on": [],
                    "primary": {
                        "id": "node2",
                        "attributes": {
                            "attached_disk.#": "0",
                            "boot_disk.#": "1",
                            "boot_disk.0.auto_delete": "true",
                            "boot_disk.0.device_name": "persistent-disk-0",
                            "boot_disk.0.disk_encryption_key_raw": "",
                            "boot_disk.0.disk_encryption_key_sha256": "",
                            "boot_disk.0.initialize_params.#": "1",
                            "boot_disk.0.initialize_params.0.image": "coreos-stable-1520-8-0-v20171026",
                            "boot_disk.0.initialize_params.0.size": "0",
                            "boot_disk.0.initialize_params.0.type": "",
                            "boot_disk.0.source": "https://www.googleapis.com/compute/v1/projects/dockercertstudy/zones/us-east1-b/disks/node2",
                            "can_ip_forward": "false",
                            "cpu_platform": "Intel Haswell",
                            "create_timeout": "4",
                            "guest_accelerator.#": "0",
                            "id": "node2",
                            "instance_id": "8696859243918297923",
                            "label_fingerprint": "42WmSpB8rSM=",
                            "machine_type": "n1-standard-1",
                            "metadata.%": "1",
                            "metadata.user-data": "{\n  \"ignition\": {\n    \"config\": {},\n    \"timeouts\": {},\n    \"version\": \"2.1.0\"\n  },\n  \"networkd\": {},\n  \"passwd\": {\n    \"users\": [\n      {\n        \"name\": \"core\",\n        \"sshAuthorizedKeys\": [\n          \"ssh-rsa AAAAB3NzaC1yc2EAAAADAQABAAABAQC0VkMs9bmmAxQ5Xhw4VLntf24WzlxmRa+v23+6nrKMSdRBe5OhHRMpPB/gukEcHVACd8vjTKOZg2xVfovaQWsp/0ZJQXN5MQ9QvGUndCdh/GvrVS0jEjMVcwMjKkGkK2NT7nA/U/O8i7xgQwzxFVcDJ6l1OOf+DmOD0/p6y+OZBZ48nvz0B+zGoRxVmbFI+F4IP1Lsjq5CrsPQr77Bn9+sIo3hh0GZJTZkNyWbBt7k/a0FyySqCr6IzqhBApL8iucatK2lA+OawtIG67isrDdczgIPdFpS0o8I8wI18kQqZcpLCt83cAOIytinPqBeJ+Im7I4jAvN1EkWoE6gv9Qo5 bradswhitfield@gmail.com\"\n        ]\n      }\n    ]\n  },\n  \"storage\": {},\n  \"systemd\": {\n    \"units\": [\n      {\n        \"contents\": \"[Unit]\\nDescription=Docker Socket for the API\\n\\n[Socket]\\nListenStream=2375\\nBindIPv6Only=both\\nService=docker.service\\n\\n[Install]\\nWantedBy=sockets.target\",\n        \"enable\": true,\n        \"name\": \"docker-tcp.socket\"\n      }\n    ]\n  }\n}",
                            "metadata_fingerprint": "bDhRhnp47MU=",
                            "min_cpu_platform": "",
                            "name": "node2",
                            "network_interface.#": "1",
                            "network_interface.0.access_config.#": "1",
                            "network_interface.0.access_config.0.assigned_nat_ip": "35.196.49.214",
                            "network_interface.0.access_config.0.nat_ip": "",
                            "network_interface.0.address": "10.142.0.3",
                            "network_interface.0.alias_ip_range.#": "0",
                            "network_interface.0.name": "nic0",
                            "network_interface.0.network": "https://www.googleapis.com/compute/v1/projects/dockercertstudy/global/networks/default",
                            "network_interface.0.subnetwork": "https://www.googleapis.com/compute/v1/projects/dockercertstudy/regions/us-east1/subnetworks/default",
                            "network_interface.0.subnetwork_project": "dockercertstudy",
                            "scheduling.#": "1",
                            "scheduling.0.automatic_restart": "false",
                            "scheduling.0.on_host_maintenance": "TERMINATE",
                            "scheduling.0.preemptible": "true",
                            "scratch_disk.#": "0",
                            "self_link": "https://www.googleapis.com/compute/v1/projects/dockercertstudy/zones/us-east1-b/instances/node2",
                            "service_account.#": "0",
                            "tags.#": "2",
                            "tags.2239752261": "node",
                            "tags.3920056993": "swarm",
                            "tags_fingerprint": "SYH4m1YLH34=",
                            "zone": "us-east1-b"
                        },
                        "meta": {
                            "schema_version": "5"
                        },
                        "tainted": false
                    },
                    "deposed": [],
                    "provider": ""
                }
            },
            "depends_on": []
        }
    ]
}
